
Microsoft Visual Studio Solution File, Format Version 12.00
# Visual Studio Version 16
VisualStudioVersion = 16.0.29306.81
MinimumVisualStudioVersion = 10.0.40219.1
Project("{9A19103F-16F7-4668-BE54-9A1E7A4F7556}") = "YY_Services", "Export.Services\YY_Services.csproj", "{BC504464-51DD-4457-B5D7-61B7DE53B753}"
EndProject
Project("{9A19103F-16F7-4668-BE54-9A1E7A4F7556}") = "YY_Utility", "Utility\YY_Utility.csproj", "{ED977291-F7A4-4069-A636-02AC722F5838}"
EndProject
Project("{9A19103F-16F7-4668-BE54-9A1E7A4F7556}") = "YY_Model", "YY_Model\YY_Model.csproj", "{EDB04B03-2D29-4929-ABF6-FA5E8CCE3E60}"
EndProject
Project("{9A19103F-16F7-4668-BE54-9A1E7A4F7556}") = "YY_Dal", "YY_Dal\YY_Dal.csproj", "{7540B824-BD33-42DE-A8FB-F0A44CB0E03C}"
EndProject
Project("{9A19103F-16F7-4668-BE54-9A1E7A4F7556}") = "YY_NpoiExportAndImport", "YY_Npoi_ExportAndImport\YY_NpoiExportAndImport.csproj", "{487BBBBB-B4A2-48C5-922A-98EB597A48A2}"
EndProject
Global
	GlobalSection(SolutionConfigurationPlatforms) = preSolution
		Debug|Any CPU = Debug|Any CPU
		Release|Any CPU = Release|Any CPU
	EndGlobalSection
	GlobalSection(ProjectConfigurationPlatforms) = postSolution
		{BC504464-51DD-4457-B5D7-61B7DE53B753}.Debug|Any CPU.ActiveCfg = Debug|Any CPU
		{BC504464-51DD-4457-B5D7-61B7DE53B753}.Debug|Any CPU.Build.0 = Debug|Any CPU
		{BC504464-51DD-4457-B5D7-61B7DE53B753}.Release|Any CPU.ActiveCfg = Release|Any CPU
		{BC504464-51DD-4457-B5D7-61B7DE53B753}.Release|Any CPU.Build.0 = Release|Any CPU
		{ED977291-F7A4-4069-A636-02AC722F5838}.Debug|Any CPU.ActiveCfg = Debug|Any CPU
		{ED977291-F7A4-4069-A636-02AC722F5838}.Debug|Any CPU.Build.0 = Debug|Any CPU
		{ED977291-F7A4-4069-A636-02AC722F5838}.Release|Any CPU.ActiveCfg = Release|Any CPU
		{ED977291-F7A4-4069-A636-02AC722F5838}.Release|Any CPU.Build.0 = Release|Any CPU
		{EDB04B03-2D29-4929-ABF6-FA5E8CCE3E60}.Debug|Any CPU.ActiveCfg = Debug|Any CPU
		{EDB04B03-2D29-4929-ABF6-FA5E8CCE3E60}.Debug|Any CPU.Build.0 = Debug|Any CPU
		{EDB04B03-2D29-4929-ABF6-FA5E8CCE3E60}.Release|Any CPU.ActiveCfg = Release|Any CPU
		{EDB04B03-2D29-4929-ABF6-FA5E8CCE3E60}.Release|Any CPU.Build.0 = Release|Any CPU
		{7540B824-BD33-42DE-A8FB-F0A44CB0E03C}.Debug|Any CPU.ActiveCfg = Debug|Any CPU
		{7540B824-BD33-42DE-A8FB-F0A44CB0E03C}.Debug|Any CPU.Build.0 = Debug|Any CPU
		{7540B824-BD33-42DE-A8FB-F0A44CB0E03C}.Release|Any CPU.ActiveCfg = Release|Any CPU
		{7540B824-BD33-42DE-A8FB-F0A44CB0E03C}.Release|Any CPU.Build.0 = Release|Any CPU
		{487BBBBB-B4A2-48C5-922A-98EB597A48A2}.Debug|Any CPU.ActiveCfg = Debug|Any CPU
		{487BBBBB-B4A2-48C5-922A-98EB597A48A2}.Debug|Any CPU.Build.0 = Debug|Any CPU
		{487BBBBB-B4A2-48C5-922A-98EB597A48A2}.Release|Any CPU.ActiveCfg = Release|Any CPU
		{487BBBBB-B4A2-48C5-922A-98EB597A48A2}.Release|Any CPU.Build.0 = Release|Any CPU
	EndGlobalSection
	GlobalSection(SolutionProperties) = preSolution
		HideSolutionNode = FALSE
	EndGlobalSection
	GlobalSection(ExtensibilityGlobals) = postSolution
		SolutionGuid = {72F04D5A-254E-4844-877B-E63E115AE15F}
	EndGlobalSection
EndGlobal
